{
  "name": "@oblique/oblique",
  "version": "2.1.2",
  "lockfileVersion": 1,
  "requires": true,
  "dependencies": {
    "@angular/cdk": {
      "version": "8.2.3",
      "resolved": "https://repo.bit.admin.ch/repository/npm-group/@angular/cdk/-/cdk-8.2.3.tgz",
      "integrity": "sha512-ZwO5Sn720RA2YvBqud0JAHkZXjmjxM0yNzCO8RVtRE9i8Gl26Wk0j0nQeJkVm4zwv2QO8MwbKUKGTMt8evsokA==",
      "optional": true,
      "requires": {
        "parse5": "^5.0.0",
        "tslib": "^1.7.1"
      }
    },
    "@angular/material": {
      "version": "8.2.3",
      "resolved": "https://repo.bit.admin.ch/repository/npm-group/@angular/material/-/material-8.2.3.tgz",
      "integrity": "sha512-SOczkIaqes+r+9XF/UUiokidfFKBpHkOPIaFK857sFD0FBNPvPEpOr5oHKCG3feERRwAFqHS7Wo2ohVEWypb5A==",
      "optional": true,
      "requires": {
        "tslib": "^1.7.1"
      }
    },
    "@ng-bootstrap/ng-bootstrap": {
      "version": "5.1.4",
      "resolved": "https://repo.bit.admin.ch/repository/npm-group/@ng-bootstrap/ng-bootstrap/-/ng-bootstrap-5.1.4.tgz",
      "integrity": "sha512-UtL9GBkAMy0O/0Rkc4DG1WoFDWhAnAdvsQuJ1IFLmlN2v6HAX+E84tgUK0n15WLBhYBXXuhRx0dIW2jafjg1xQ==",
      "optional": true,
      "requires": {
        "tslib": "^1.9.0"
      }
    },
    "ajv": {
      "version": "6.10.2",
      "resolved": "https://repo.bit.admin.ch/repository/npm-group/ajv/-/ajv-6.10.2.tgz",
      "integrity": "sha512-TXtUUEYHuaTEbLZWIKUr5pmBuhDLy+8KYtPYdcV8qC+pOZL+NKqYwvWSRrVXHn+ZmRRAu8vJTAznH7Oag6RVRw==",
      "optional": true,
      "requires": {
        "fast-deep-equal": "^2.0.1",
        "fast-json-stable-stringify": "^2.0.0",
        "json-schema-traverse": "^0.4.1",
        "uri-js": "^4.2.2"
      }
    },
    "deepmerge": {
      "version": "2.1.1",
      "resolved": "https://repo.bit.admin.ch/repository/npm-group/deepmerge/-/deepmerge-2.1.1.tgz",
      "integrity": "sha512-urQxA1smbLZ2cBbXbaYObM1dJ82aJ2H57A1C/Kklfh/ZN1bgH4G/n5KWhdNfOK11W98gqZfyYj7W4frJJRwA2w==",
      "optional": true
    },
    "fast-deep-equal": {
      "version": "2.0.1",
      "resolved": "https://repo.bit.admin.ch/repository/npm-group/fast-deep-equal/-/fast-deep-equal-2.0.1.tgz",
      "integrity": "sha1-ewUhjd+WZ79/Nwv3/bLLFf3Qqkk=",
      "optional": true
    },
    "fast-json-stable-stringify": {
      "version": "2.0.0",
      "resolved": "https://repo.bit.admin.ch/repository/npm-group/fast-json-stable-stringify/-/fast-json-stable-stringify-2.0.0.tgz",
      "integrity": "sha1-1RQsDK7msRifh9OnYREGT4bIu/I=",
      "optional": true
    },
    "json-schema-traverse": {
      "version": "0.4.1",
      "resolved": "https://repo.bit.admin.ch/repository/npm-group/json-schema-traverse/-/json-schema-traverse-0.4.1.tgz",
      "integrity": "sha512-xbbCH5dCYU5T8LcEhhuh7HJ88HXuW3qsI3Y0zOZFKfZEHcpWiHU/Jxzk629Brsab/mMiHQti9wMP+845RPe3Vg==",
      "optional": true
    },
    "ngx-translate-multi-http-loader": {
      "version": "3.0.0",
      "resolved": "https://repo.bit.admin.ch/repository/npm-group/ngx-translate-multi-http-loader/-/ngx-translate-multi-http-loader-3.0.0.tgz",
      "integrity": "sha512-tN9a97sdXkqGZIeQhnl14l+7+xFwqpYMTkbrW7K/1f16q3+OFC++1uPfrKs7rACQ7ZBmTJ86JB729PTUIVi3xA==",
      "optional": true,
      "requires": {
        "deepmerge": "2.1.1",
        "tslib": "^1.9.0"
      }
    },
    "parse5": {
      "version": "5.1.1",
      "resolved": "https://repo.bit.admin.ch/repository/npm-group/parse5/-/parse5-5.1.1.tgz",
      "integrity": "sha512-ugq4DFI0Ptb+WWjAdOK16+u/nHfiIrcE+sh8kZMaM0WllQKLI9rOUq6c2b7cwPkXdzfQESqvoqK6ug7U/Yyzug==",
      "optional": true
    },
    "punycode": {
      "version": "2.1.1",
      "resolved": "https://repo.bit.admin.ch/repository/npm-group/punycode/-/punycode-2.1.1.tgz",
      "integrity": "sha512-XRsRjdf+j5ml+y/6GKHPZbrF/8p2Yga0JPtdqTIY2Xe5ohJPD9saDJJLPvp9+NSBprVvevdXZybnj2cv8OEd0A==",
      "optional": true
    },
    "tslib": {
      "version": "1.10.0",
      "resolved": "https://repo.bit.admin.ch/repository/npm-group/tslib/-/tslib-1.10.0.tgz",
      "integrity": "sha512-qOebF53frne81cf0S9B41ByenJ3/IuH8yJKngAX35CmiZySA0khhkovshKK+jGCaMnVomla7gVlIcc3EvKPbTQ==",
      "optional": true
    },
    "uri-js": {
      "version": "4.2.2",
      "resolved": "https://repo.bit.admin.ch/repository/npm-group/uri-js/-/uri-js-4.2.2.tgz",
      "integrity": "sha512-KY9Frmirql91X2Qgjry0Wd4Y+YTdrdZheS8TFwvkbLWf/G5KNJDCh6pKL5OZctEW4+0Baa5idK2ZQuELRwPznQ==",
      "optional": true,
      "requires": {
        "punycode": "^2.1.0"
      }
    }
  }
}
