{
  "name": "@oblique/ob-tour",
  "version": "0.0.1",
  "lockfileVersion": 3,
  "requires": true,
  "packages": {
    "": {
      "name": "@oblique/ob-tour",
      "version": "0.0.1",
      "dependencies": {
        "@oblique/oblique": "^14.0.0",
        "tslib": "^2.3.0"
      },
      "peerDependencies": {
        "@angular/common": "^20.2.0",
        "@angular/core": "^20.2.0"
      }
    },
    "node_modules/@angular-devkit/core": {
      "version": "20.3.3",
      "resolved": "https://repo.bit.admin.ch/repository/npm-group/@angular-devkit/core/-/core-20.3.3.tgz",
      "integrity": "sha512-2T5mX2duLapZYPYmXUSUe9VW8Dhu10nVBVvEp31jSE6xvjbPM5mlsv6+fks1E4RjhzvaamY9bm3WgwYwNiEV5g==",
      "dependencies": {
        "ajv": "8.17.1",
        "ajv-formats": "3.0.1",
        "jsonc-parser": "3.3.1",
        "picomatch": "4.0.3",
        "rxjs": "7.8.2",
        "source-map": "0.7.6"
      },
      "engines": {
        "node": "^20.19.0 || ^22.12.0 || >=24.0.0",
        "npm": "^6.11.0 || ^7.5.6 || >=8.0.0",
        "yarn": ">= 1.13.0"
      },
      "peerDependencies": {
        "chokidar": "^4.0.0"
      },
      "peerDependenciesMeta": {
        "chokidar": {
          "optional": true
        }
      }
    },
    "node_modules/@angular-devkit/schematics": {
      "version": "20.3.3",
      "resolved": "https://repo.bit.admin.ch/repository/npm-group/@angular-devkit/schematics/-/schematics-20.3.3.tgz",
      "integrity": "sha512-LDn39BjyQLAK/DaVamLElMtI0UoCZIs4jKcMEv8PJ/nnBmrYFHVavWPggeFWMycjeXsdX34Msiml88HZWlXypw==",
      "dependencies": {
        "@angular-devkit/core": "20.3.3",
        "jsonc-parser": "3.3.1",
        "magic-string": "0.30.17",
        "ora": "8.2.0",
        "rxjs": "7.8.2"
      },
      "engines": {
        "node": "^20.19.0 || ^22.12.0 || >=24.0.0",
        "npm": "^6.11.0 || ^7.5.6 || >=8.0.0",
        "yarn": ">= 1.13.0"
      }
    },
    "node_modules/@angular/animations": {
      "version": "20.3.2",
      "resolved": "https://repo.bit.admin.ch/repository/npm-group/@angular/animations/-/animations-20.3.2.tgz",
      "integrity": "sha512-za7onSElEUbaI9iS8j7nKf8FjyvVng6wFsb2ZuHxr71dMgnYkqPfMu0KMP+mkZ3yUVc//7SllXcSkGBHShyCcw==",
      "peer": true,
      "dependencies": {
        "tslib": "^2.3.0"
      },
      "engines": {
        "node": "^20.19.0 || ^22.12.0 || >=24.0.0"
      },
      "peerDependencies": {
        "@angular/core": "20.3.2"
      }
    },
    "node_modules/@angular/cdk": {
      "version": "20.2.5",
      "resolved": "https://repo.bit.admin.ch/repository/npm-group/@angular/cdk/-/cdk-20.2.5.tgz",
      "integrity": "sha512-1cpR/5jeKXLR1D+PsEvRn0QhSWD3/AjtbugJF5nlx/7L90YXhNFCmNAxAkdFKSn4YIDoPwMHgvOpS7yb51wohQ==",
      "peer": true,
      "dependencies": {
        "parse5": "^8.0.0",
        "tslib": "^2.3.0"
      },
      "peerDependencies": {
        "@angular/common": "^20.0.0 || ^21.0.0",
        "@angular/core": "^20.0.0 || ^21.0.0",
        "rxjs": "^6.5.3 || ^7.4.0"
      }
    },
    "node_modules/@angular/common": {
      "version": "20.3.2",
      "resolved": "https://repo.bit.admin.ch/repository/npm-group/@angular/common/-/common-20.3.2.tgz",
      "integrity": "sha512-5V9AzLhCA1dNhF+mvihmdHoZHbEhIb1jNYRA1/JMheR+G7NR8Mznu6RmWaKSWZ4AJeSJN8rizWN2wpVPWTKjSQ==",
      "peer": true,
      "dependencies": {
        "tslib": "^2.3.0"
      },
      "engines": {
        "node": "^20.19.0 || ^22.12.0 || >=24.0.0"
      },
      "peerDependencies": {
        "@angular/core": "20.3.2",
        "rxjs": "^6.5.3 || ^7.4.0"
      }
    },
    "node_modules/@angular/compiler": {
      "version": "20.3.2",
      "resolved": "https://repo.bit.admin.ch/repository/npm-group/@angular/compiler/-/compiler-20.3.2.tgz",
      "integrity": "sha512-5fSzkPmRomZ9H43c82FJWLwdOi7MICMimP1y1oYJZcUh3jYRhXUrQvD0jifdRVkkgKNjaZYlMr0NkrYQFgFong==",
      "peer": true,
      "dependencies": {
        "tslib": "^2.3.0"
      },
      "engines": {
        "node": "^20.19.0 || ^22.12.0 || >=24.0.0"
      }
    },
    "node_modules/@angular/core": {
      "version": "20.3.2",
      "resolved": "https://repo.bit.admin.ch/repository/npm-group/@angular/core/-/core-20.3.2.tgz",
      "integrity": "sha512-88uPgs5LjtnywnQaZE2ShBb1wa8IuD6jWs4nc4feo32QdBc55tjebTBFJSHbi3mUVAp0eS4wI6ITo0YIb01H4g==",
      "peer": true,
      "dependencies": {
        "tslib": "^2.3.0"
      },
      "engines": {
        "node": "^20.19.0 || ^22.12.0 || >=24.0.0"
      },
      "peerDependencies": {
        "@angular/compiler": "20.3.2",
        "rxjs": "^6.5.3 || ^7.4.0",
        "zone.js": "~0.15.0"
      },
      "peerDependenciesMeta": {
        "@angular/compiler": {
          "optional": true
        },
        "zone.js": {
          "optional": true
        }
      }
    },
    "node_modules/@angular/forms": {
      "version": "20.3.2",
      "resolved": "https://repo.bit.admin.ch/repository/npm-group/@angular/forms/-/forms-20.3.2.tgz",
      "integrity": "sha512-ECIbtwc7n9fPbiZXZVaoZpSiOksgcNbZ27oUN9BT7EmoXRzBw6yDL2UX6Ig7pEKhQGyBkKB+TMerRwTDVkkCWg==",
      "peer": true,
      "dependencies": {
        "tslib": "^2.3.0"
      },
      "engines": {
        "node": "^20.19.0 || ^22.12.0 || >=24.0.0"
      },
      "peerDependencies": {
        "@angular/common": "20.3.2",
        "@angular/core": "20.3.2",
        "@angular/platform-browser": "20.3.2",
        "rxjs": "^6.5.3 || ^7.4.0"
      }
    },
    "node_modules/@angular/material": {
      "version": "20.2.5",
      "resolved": "https://repo.bit.admin.ch/repository/npm-group/@angular/material/-/material-20.2.5.tgz",
      "integrity": "sha512-zgmHqPykH3InEsVmNSpcVicXLWcYKHIt9Nv/J86K3NZDw4/IQgpfujnr7IotLwc9VpgI4Cl7Jbo95tFVFQAYmw==",
      "peer": true,
      "dependencies": {
        "tslib": "^2.3.0"
      },
      "peerDependencies": {
        "@angular/cdk": "20.2.5",
        "@angular/common": "^20.0.0 || ^21.0.0",
        "@angular/core": "^20.0.0 || ^21.0.0",
        "@angular/forms": "^20.0.0 || ^21.0.0",
        "@angular/platform-browser": "^20.0.0 || ^21.0.0",
        "rxjs": "^6.5.3 || ^7.4.0"
      }
    },
    "node_modules/@angular/platform-browser": {
      "version": "20.3.2",
      "resolved": "https://repo.bit.admin.ch/repository/npm-group/@angular/platform-browser/-/platform-browser-20.3.2.tgz",
      "integrity": "sha512-d9XcT2UuWZCc0UOtkCcPEnMcOFKNczahamT/Izg3H9jLS3IcT6l0ry23d/Xf0DRwhLYQdOZiG7l8HMZ1sWPMOg==",
      "peer": true,
      "dependencies": {
        "tslib": "^2.3.0"
      },
      "engines": {
        "node": "^20.19.0 || ^22.12.0 || >=24.0.0"
      },
      "peerDependencies": {
        "@angular/animations": "20.3.2",
        "@angular/common": "20.3.2",
        "@angular/core": "20.3.2"
      },
      "peerDependenciesMeta": {
        "@angular/animations": {
          "optional": true
        }
      }
    },
    "node_modules/@angular/platform-browser-dynamic": {
      "version": "20.3.2",
      "resolved": "https://repo.bit.admin.ch/repository/npm-group/@angular/platform-browser-dynamic/-/platform-browser-dynamic-20.3.2.tgz",
      "integrity": "sha512-ehoV67Vxr3ZE8BJ3g7Q4ZLHo3qJVoDUDz/4UeCqmDeOnKxcdD53HTA/pgOO4QhKStUFbzgU19OQD4e6fkP8YoQ==",
      "peer": true,
      "dependencies": {
        "tslib": "^2.3.0"
      },
      "engines": {
        "node": "^20.19.0 || ^22.12.0 || >=24.0.0"
      },
      "peerDependencies": {
        "@angular/common": "20.3.2",
        "@angular/compiler": "20.3.2",
        "@angular/core": "20.3.2",
        "@angular/platform-browser": "20.3.2"
      }
    },
    "node_modules/@angular/router": {
      "version": "20.3.2",
      "resolved": "https://repo.bit.admin.ch/repository/npm-group/@angular/router/-/router-20.3.2.tgz",
      "integrity": "sha512-+Crx6QpK00juoNU3A1vbVf4DQ7fduLe3DUdAob6a9Uj+IoWj2Ijd8zUWF8E0cfNNFotJ4Gost0lJORDvqKcC7A==",
      "peer": true,
      "dependencies": {
        "tslib": "^2.3.0"
      },
      "engines": {
        "node": "^20.19.0 || ^22.12.0 || >=24.0.0"
      },
      "peerDependencies": {
        "@angular/common": "20.3.2",
        "@angular/core": "20.3.2",
        "@angular/platform-browser": "20.3.2",
        "rxjs": "^6.5.3 || ^7.4.0"
      }
    },
    "node_modules/@jridgewell/sourcemap-codec": {
      "version": "1.5.5",
      "resolved": "https://repo.bit.admin.ch/repository/npm-group/@jridgewell/sourcemap-codec/-/sourcemap-codec-1.5.5.tgz",
      "integrity": "sha512-cYQ9310grqxueWbl+WuIUIaiUaDcj7WOq5fVhEljNVgRfOUhY9fy2zTvfoqWsnebh8Sl70VScFbICvJnLKB0Og=="
    },
    "node_modules/@ngx-translate/core": {
      "version": "17.0.0",
      "resolved": "https://repo.bit.admin.ch/repository/npm-group/@ngx-translate/core/-/core-17.0.0.tgz",
      "integrity": "sha512-Rft2D5ns2pq4orLZjEtx1uhNuEBerUdpFUG1IcqtGuipj6SavgB8SkxtNQALNDA+EVlvsNCCjC2ewZVtUeN6rg==",
      "peer": true,
      "dependencies": {
        "tslib": "^2.3.0"
      },
      "peerDependencies": {
        "@angular/common": ">=16",
        "@angular/core": ">=16"
      }
    },
    "node_modules/@oblique/oblique": {
      "version": "14.0.0",
      "resolved": "https://repo.bit.admin.ch/repository/npm-group/@oblique/oblique/-/oblique-14.0.0.tgz",
      "integrity": "sha512-HDcmBjP1bXa+UWd7L5wxSGw6pw/zaY1UgqxB8Vrd583KCZL9WHa6BStyAZCYC2FiRQi5kK9WnkMc5nqJZmLaUw==",
      "dependencies": {
        "@schematics/angular": "^20.0.4",
        "ansi-colors": "^4.1.3",
        "tslib": "^2.3.0"
      },
      "peerDependencies": {
        "@angular/animations": "^20.0.0 || ^21.0.0",
        "@angular/cdk": "^20.0.0 || ^21.0.0",
        "@angular/common": "^20.0.0 || ^21.0.0",
        "@angular/compiler": "^20.0.0 || ^21.0.0",
        "@angular/core": "^20.0.0 || ^21.0.0",
        "@angular/forms": "^20.0.0 || ^21.0.0",
        "@angular/material": "^20.0.0 || ^21.0.0",
        "@angular/platform-browser": "^20.0.0 || ^21.0.0",
        "@angular/platform-browser-dynamic": "^20.0.0 || ^21.0.0",
        "@angular/router": "^20.0.0 || ^21.0.0",
        "@ngx-translate/core": ">=16.0.0",
        "@popperjs/core": "^2.0.0",
        "ajv": "^8.0.0",
        "ajv-formats": "^3.0.1",
        "angular-oauth2-oidc": "^20.0.0",
        "js-cookie": "^3.0.5",
        "rxjs": "^7.0.0"
      }
    },
    "node_modules/@popperjs/core": {
      "version": "2.11.8",
      "resolved": "https://repo.bit.admin.ch/repository/npm-group/@popperjs/core/-/core-2.11.8.tgz",
      "integrity": "sha512-P1st0aksCrn9sGZhp8GMYwBnQsbvAWsZAX44oXNNvLHGqAOcoVxmjZiohstwQ7SqKnbR47akdNi+uleWD8+g6A==",
      "peer": true,
      "funding": {
        "type": "opencollective",
        "url": "https://opencollective.com/popperjs"
      }
    },
    "node_modules/@schematics/angular": {
      "version": "20.3.3",
      "resolved": "https://repo.bit.admin.ch/repository/npm-group/@schematics/angular/-/angular-20.3.3.tgz",
      "integrity": "sha512-lqIP1pNKp8yaqd663R3graZWaTBjXH+Cl72BQl1Ghl7lFGReZJALr4GiSMiBR9r30Epklcw5TwOSi+Bs4UKmbw==",
      "dependencies": {
        "@angular-devkit/core": "20.3.3",
        "@angular-devkit/schematics": "20.3.3",
        "jsonc-parser": "3.3.1"
      },
      "engines": {
        "node": "^20.19.0 || ^22.12.0 || >=24.0.0",
        "npm": "^6.11.0 || ^7.5.6 || >=8.0.0",
        "yarn": ">= 1.13.0"
      }
    },
    "node_modules/ajv": {
      "version": "8.17.1",
      "resolved": "https://repo.bit.admin.ch/repository/npm-group/ajv/-/ajv-8.17.1.tgz",
      "integrity": "sha512-B/gBuNg5SiMTrPkC+A2+cW0RszwxYmn6VYxB/inlBStS5nx6xHIt/ehKRhIMhqusl7a8LjQoZnjCs5vhwxOQ1g==",
      "dependencies": {
        "fast-deep-equal": "^3.1.3",
        "fast-uri": "^3.0.1",
        "json-schema-traverse": "^1.0.0",
        "require-from-string": "^2.0.2"
      },
      "funding": {
        "type": "github",
        "url": "https://github.com/sponsors/epoberezkin"
      }
    },
    "node_modules/ajv-formats": {
      "version": "3.0.1",
      "resolved": "https://repo.bit.admin.ch/repository/npm-group/ajv-formats/-/ajv-formats-3.0.1.tgz",
      "integrity": "sha512-8iUql50EUR+uUcdRQ3HDqa6EVyo3docL8g5WJ3FNcWmu62IbkGUue/pEyLBW8VGKKucTPgqeks4fIU1DA4yowQ==",
      "dependencies": {
        "ajv": "^8.0.0"
      },
      "peerDependencies": {
        "ajv": "^8.0.0"
      },
      "peerDependenciesMeta": {
        "ajv": {
          "optional": true
        }
      }
    },
    "node_modules/angular-oauth2-oidc": {
      "version": "20.0.2",
      "resolved": "https://repo.bit.admin.ch/repository/npm-group/angular-oauth2-oidc/-/angular-oauth2-oidc-20.0.2.tgz",
      "integrity": "sha512-bMSXEQIuvgq8yqnsIatZggAvCJvY+pm7G8MK0tWCHR93UpFuNN+L5B6pY9CzRg8Ys+VVhkLIBx4zEHbJnv9icg==",
      "peer": true,
      "dependencies": {
        "tslib": "^2.5.2"
      },
      "peerDependencies": {
        "@angular/common": ">=20.0.0",
        "@angular/core": ">=20.0.0"
      }
    },
    "node_modules/ansi-colors": {
      "version": "4.1.3",
      "resolved": "https://repo.bit.admin.ch/repository/npm-group/ansi-colors/-/ansi-colors-4.1.3.tgz",
      "integrity": "sha512-/6w/C21Pm1A7aZitlI5Ni/2J6FFQN8i1Cvz3kHABAAbw93v/NlvKdVOqz7CCWz/3iv/JplRSEEZ83XION15ovw==",
      "engines": {
        "node": ">=6"
      }
    },
    "node_modules/ansi-regex": {
      "version": "6.2.2",
      "resolved": "https://repo.bit.admin.ch/repository/npm-group/ansi-regex/-/ansi-regex-6.2.2.tgz",
      "integrity": "sha512-Bq3SmSpyFHaWjPk8If9yc6svM8c56dB5BAtW4Qbw5jHTwwXXcTLoRMkpDJp6VL0XzlWaCHTXrkFURMYmD0sLqg==",
      "engines": {
        "node": ">=12"
      },
      "funding": {
        "url": "https://github.com/chalk/ansi-regex?sponsor=1"
      }
    },
    "node_modules/chalk": {
      "version": "5.6.2",
      "resolved": "https://repo.bit.admin.ch/repository/npm-group/chalk/-/chalk-5.6.2.tgz",
      "integrity": "sha512-7NzBL0rN6fMUW+f7A6Io4h40qQlG+xGmtMxfbnH/K7TAtt8JQWVQK+6g0UXKMeVJoyV5EkkNsErQ8pVD3bLHbA==",
      "engines": {
        "node": "^12.17.0 || ^14.13 || >=16.0.0"
      },
      "funding": {
        "url": "https://github.com/chalk/chalk?sponsor=1"
      }
    },
    "node_modules/cli-cursor": {
      "version": "5.0.0",
      "resolved": "https://repo.bit.admin.ch/repository/npm-group/cli-cursor/-/cli-cursor-5.0.0.tgz",
      "integrity": "sha512-aCj4O5wKyszjMmDT4tZj93kxyydN/K5zPWSCe6/0AV/AA1pqe5ZBIw0a2ZfPQV7lL5/yb5HsUreJ6UFAF1tEQw==",
      "dependencies": {
        "restore-cursor": "^5.0.0"
      },
      "engines": {
        "node": ">=18"
      },
      "funding": {
        "url": "https://github.com/sponsors/sindresorhus"
      }
    },
    "node_modules/cli-spinners": {
      "version": "2.9.2",
      "resolved": "https://repo.bit.admin.ch/repository/npm-group/cli-spinners/-/cli-spinners-2.9.2.tgz",
      "integrity": "sha512-ywqV+5MmyL4E7ybXgKys4DugZbX0FC6LnwrhjuykIjnK9k8OQacQ7axGKnjDXWNhns0xot3bZI5h55H8yo9cJg==",
      "engines": {
        "node": ">=6"
      },
      "funding": {
        "url": "https://github.com/sponsors/sindresorhus"
      }
    },
    "node_modules/emoji-regex": {
      "version": "10.5.0",
      "resolved": "https://repo.bit.admin.ch/repository/npm-group/emoji-regex/-/emoji-regex-10.5.0.tgz",
      "integrity": "sha512-lb49vf1Xzfx080OKA0o6l8DQQpV+6Vg95zyCJX9VB/BqKYlhG7N4wgROUUHRA+ZPUefLnteQOad7z1kT2bV7bg=="
    },
    "node_modules/entities": {
      "version": "6.0.1",
      "resolved": "https://repo.bit.admin.ch/repository/npm-group/entities/-/entities-6.0.1.tgz",
      "integrity": "sha512-aN97NXWF6AWBTahfVOIrB/NShkzi5H7F9r1s9mD3cDj4Ko5f2qhhVoYMibXF7GlLveb/D2ioWay8lxI97Ven3g==",
      "peer": true,
      "engines": {
        "node": ">=0.12"
      },
      "funding": {
        "url": "https://github.com/fb55/entities?sponsor=1"
      }
    },
    "node_modules/fast-deep-equal": {
      "version": "3.1.3",
      "resolved": "https://repo.bit.admin.ch/repository/npm-group/fast-deep-equal/-/fast-deep-equal-3.1.3.tgz",
      "integrity": "sha512-f3qQ9oQy9j2AhBe/H9VC91wLmKBCCU/gDOnKNAYG5hswO7BLKj09Hc5HYNz9cGI++xlpDCIgDaitVs03ATR84Q=="
    },
    "node_modules/fast-uri": {
      "version": "3.1.0",
      "resolved": "https://repo.bit.admin.ch/repository/npm-group/fast-uri/-/fast-uri-3.1.0.tgz",
      "integrity": "sha512-iPeeDKJSWf4IEOasVVrknXpaBV0IApz/gp7S2bb7Z4Lljbl2MGJRqInZiUrQwV16cpzw/D3S5j5Julj/gT52AA==",
      "funding": [
        {
          "type": "github",
          "url": "https://github.com/sponsors/fastify"
        },
        {
          "type": "opencollective",
          "url": "https://opencollective.com/fastify"
        }
      ]
    },
    "node_modules/get-east-asian-width": {
      "version": "1.4.0",
      "resolved": "https://repo.bit.admin.ch/repository/npm-group/get-east-asian-width/-/get-east-asian-width-1.4.0.tgz",
      "integrity": "sha512-QZjmEOC+IT1uk6Rx0sX22V6uHWVwbdbxf1faPqJ1QhLdGgsRGCZoyaQBm/piRdJy/D2um6hM1UP7ZEeQ4EkP+Q==",
      "engines": {
        "node": ">=18"
      },
      "funding": {
        "url": "https://github.com/sponsors/sindresorhus"
      }
    },
    "node_modules/is-interactive": {
      "version": "2.0.0",
      "resolved": "https://repo.bit.admin.ch/repository/npm-group/is-interactive/-/is-interactive-2.0.0.tgz",
      "integrity": "sha512-qP1vozQRI+BMOPcjFzrjXuQvdak2pHNUMZoeG2eRbiSqyvbEf/wQtEOTOX1guk6E3t36RkaqiSt8A/6YElNxLQ==",
      "engines": {
        "node": ">=12"
      },
      "funding": {
        "url": "https://github.com/sponsors/sindresorhus"
      }
    },
    "node_modules/is-unicode-supported": {
      "version": "2.1.0",
      "resolved": "https://repo.bit.admin.ch/repository/npm-group/is-unicode-supported/-/is-unicode-supported-2.1.0.tgz",
      "integrity": "sha512-mE00Gnza5EEB3Ds0HfMyllZzbBrmLOX3vfWoj9A9PEnTfratQ/BcaJOuMhnkhjXvb2+FkY3VuHqtAGpTPmglFQ==",
      "engines": {
        "node": ">=18"
      },
      "funding": {
        "url": "https://github.com/sponsors/sindresorhus"
      }
    },
    "node_modules/js-cookie": {
      "version": "3.0.5",
      "resolved": "https://repo.bit.admin.ch/repository/npm-group/js-cookie/-/js-cookie-3.0.5.tgz",
      "integrity": "sha512-cEiJEAEoIbWfCZYKWhVwFuvPX1gETRYPw6LlaTKoxD3s2AkXzkCjnp6h0V77ozyqj0jakteJ4YqDJT830+lVGw==",
      "peer": true,
      "engines": {
        "node": ">=14"
      }
    },
    "node_modules/json-schema-traverse": {
      "version": "1.0.0",
      "resolved": "https://repo.bit.admin.ch/repository/npm-group/json-schema-traverse/-/json-schema-traverse-1.0.0.tgz",
      "integrity": "sha512-NM8/P9n3XjXhIZn1lLhkFaACTOURQXjWhV4BA/RnOv8xvgqtqpAX9IO4mRQxSx1Rlo4tqzeqb0sOlruaOy3dug=="
    },
    "node_modules/jsonc-parser": {
      "version": "3.3.1",
      "resolved": "https://repo.bit.admin.ch/repository/npm-group/jsonc-parser/-/jsonc-parser-3.3.1.tgz",
      "integrity": "sha512-HUgH65KyejrUFPvHFPbqOY0rsFip3Bo5wb4ngvdi1EpCYWUQDC5V+Y7mZws+DLkr4M//zQJoanu1SP+87Dv1oQ=="
    },
    "node_modules/log-symbols": {
      "version": "6.0.0",
      "resolved": "https://repo.bit.admin.ch/repository/npm-group/log-symbols/-/log-symbols-6.0.0.tgz",
      "integrity": "sha512-i24m8rpwhmPIS4zscNzK6MSEhk0DUWa/8iYQWxhffV8jkI4Phvs3F+quL5xvS0gdQR0FyTCMMH33Y78dDTzzIw==",
      "dependencies": {
        "chalk": "^5.3.0",
        "is-unicode-supported": "^1.3.0"
      },
      "engines": {
        "node": ">=18"
      },
      "funding": {
        "url": "https://github.com/sponsors/sindresorhus"
      }
    },
    "node_modules/log-symbols/node_modules/is-unicode-supported": {
      "version": "1.3.0",
      "resolved": "https://repo.bit.admin.ch/repository/npm-group/is-unicode-supported/-/is-unicode-supported-1.3.0.tgz",
      "integrity": "sha512-43r2mRvz+8JRIKnWJ+3j8JtjRKZ6GmjzfaE/qiBJnikNnYv/6bagRJ1kUhNk8R5EX/GkobD+r+sfxCPJsiKBLQ==",
      "engines": {
        "node": ">=12"
      },
      "funding": {
        "url": "https://github.com/sponsors/sindresorhus"
      }
    },
    "node_modules/magic-string": {
      "version": "0.30.17",
      "resolved": "https://repo.bit.admin.ch/repository/npm-group/magic-string/-/magic-string-0.30.17.tgz",
      "integrity": "sha512-sNPKHvyjVf7gyjwS4xGTaW/mCnF8wnjtifKBEhxfZ7E/S8tQ0rssrwGNn6q8JH/ohItJfSQp9mBtQYuTlH5QnA==",
      "dependencies": {
        "@jridgewell/sourcemap-codec": "^1.5.0"
      }
    },
    "node_modules/mimic-function": {
      "version": "5.0.1",
      "resolved": "https://repo.bit.admin.ch/repository/npm-group/mimic-function/-/mimic-function-5.0.1.tgz",
      "integrity": "sha512-VP79XUPxV2CigYP3jWwAUFSku2aKqBH7uTAapFWCBqutsbmDo96KY5o8uh6U+/YSIn5OxJnXp73beVkpqMIGhA==",
      "engines": {
        "node": ">=18"
      },
      "funding": {
        "url": "https://github.com/sponsors/sindresorhus"
      }
    },
    "node_modules/onetime": {
      "version": "7.0.0",
      "resolved": "https://repo.bit.admin.ch/repository/npm-group/onetime/-/onetime-7.0.0.tgz",
      "integrity": "sha512-VXJjc87FScF88uafS3JllDgvAm+c/Slfz06lorj2uAY34rlUu0Nt+v8wreiImcrgAjjIHp1rXpTDlLOGw29WwQ==",
      "dependencies": {
        "mimic-function": "^5.0.0"
      },
      "engines": {
        "node": ">=18"
      },
      "funding": {
        "url": "https://github.com/sponsors/sindresorhus"
      }
    },
    "node_modules/ora": {
      "version": "8.2.0",
      "resolved": "https://repo.bit.admin.ch/repository/npm-group/ora/-/ora-8.2.0.tgz",
      "integrity": "sha512-weP+BZ8MVNnlCm8c0Qdc1WSWq4Qn7I+9CJGm7Qali6g44e/PUzbjNqJX5NJ9ljlNMosfJvg1fKEGILklK9cwnw==",
      "dependencies": {
        "chalk": "^5.3.0",
        "cli-cursor": "^5.0.0",
        "cli-spinners": "^2.9.2",
        "is-interactive": "^2.0.0",
        "is-unicode-supported": "^2.0.0",
        "log-symbols": "^6.0.0",
        "stdin-discarder": "^0.2.2",
        "string-width": "^7.2.0",
        "strip-ansi": "^7.1.0"
      },
      "engines": {
        "node": ">=18"
      },
      "funding": {
        "url": "https://github.com/sponsors/sindresorhus"
      }
    },
    "node_modules/parse5": {
      "version": "8.0.0",
      "resolved": "https://repo.bit.admin.ch/repository/npm-group/parse5/-/parse5-8.0.0.tgz",
      "integrity": "sha512-9m4m5GSgXjL4AjumKzq1Fgfp3Z8rsvjRNbnkVwfu2ImRqE5D0LnY2QfDen18FSY9C573YU5XxSapdHZTZ2WolA==",
      "peer": true,
      "dependencies": {
        "entities": "^6.0.0"
      },
      "funding": {
        "url": "https://github.com/inikulin/parse5?sponsor=1"
      }
    },
    "node_modules/picomatch": {
      "version": "4.0.3",
      "resolved": "https://repo.bit.admin.ch/repository/npm-group/picomatch/-/picomatch-4.0.3.tgz",
      "integrity": "sha512-5gTmgEY/sqK6gFXLIsQNH19lWb4ebPDLA4SdLP7dsWkIXHWlG66oPuVvXSGFPppYZz8ZDZq0dYYrbHfBCVUb1Q==",
      "engines": {
        "node": ">=12"
      },
      "funding": {
        "url": "https://github.com/sponsors/jonschlinkert"
      }
    },
    "node_modules/require-from-string": {
      "version": "2.0.2",
      "resolved": "https://repo.bit.admin.ch/repository/npm-group/require-from-string/-/require-from-string-2.0.2.tgz",
      "integrity": "sha512-Xf0nWe6RseziFMu+Ap9biiUbmplq6S9/p+7w7YXP/JBHhrUDDUhwa+vANyubuqfZWTveU//DYVGsDG7RKL/vEw==",
      "engines": {
        "node": ">=0.10.0"
      }
    },
    "node_modules/restore-cursor": {
      "version": "5.1.0",
      "resolved": "https://repo.bit.admin.ch/repository/npm-group/restore-cursor/-/restore-cursor-5.1.0.tgz",
      "integrity": "sha512-oMA2dcrw6u0YfxJQXm342bFKX/E4sG9rbTzO9ptUcR/e8A33cHuvStiYOwH7fszkZlZ1z/ta9AAoPk2F4qIOHA==",
      "dependencies": {
        "onetime": "^7.0.0",
        "signal-exit": "^4.1.0"
      },
      "engines": {
        "node": ">=18"
      },
      "funding": {
        "url": "https://github.com/sponsors/sindresorhus"
      }
    },
    "node_modules/rxjs": {
      "version": "7.8.2",
      "resolved": "https://repo.bit.admin.ch/repository/npm-group/rxjs/-/rxjs-7.8.2.tgz",
      "integrity": "sha512-dhKf903U/PQZY6boNNtAGdWbG85WAbjT/1xYoZIC7FAY0yWapOBQVsVrDl58W86//e1VpMNBtRV4MaXfdMySFA==",
      "dependencies": {
        "tslib": "^2.1.0"
      }
    },
    "node_modules/signal-exit": {
      "version": "4.1.0",
      "resolved": "https://repo.bit.admin.ch/repository/npm-group/signal-exit/-/signal-exit-4.1.0.tgz",
      "integrity": "sha512-bzyZ1e88w9O1iNJbKnOlvYTrWPDl46O1bG0D3XInv+9tkPrxrN8jUUTiFlDkkmKWgn1M6CfIA13SuGqOa9Korw==",
      "engines": {
        "node": ">=14"
      },
      "funding": {
        "url": "https://github.com/sponsors/isaacs"
      }
    },
    "node_modules/source-map": {
      "version": "0.7.6",
      "resolved": "https://repo.bit.admin.ch/repository/npm-group/source-map/-/source-map-0.7.6.tgz",
      "integrity": "sha512-i5uvt8C3ikiWeNZSVZNWcfZPItFQOsYTUAOkcUPGd8DqDy1uOUikjt5dG+uRlwyvR108Fb9DOd4GvXfT0N2/uQ==",
      "engines": {
        "node": ">= 12"
      }
    },
    "node_modules/stdin-discarder": {
      "version": "0.2.2",
      "resolved": "https://repo.bit.admin.ch/repository/npm-group/stdin-discarder/-/stdin-discarder-0.2.2.tgz",
      "integrity": "sha512-UhDfHmA92YAlNnCfhmq0VeNL5bDbiZGg7sZ2IvPsXubGkiNa9EC+tUTsjBRsYUAz87btI6/1wf4XoVvQ3uRnmQ==",
      "engines": {
        "node": ">=18"
      },
      "funding": {
        "url": "https://github.com/sponsors/sindresorhus"
      }
    },
    "node_modules/string-width": {
      "version": "7.2.0",
      "resolved": "https://repo.bit.admin.ch/repository/npm-group/string-width/-/string-width-7.2.0.tgz",
      "integrity": "sha512-tsaTIkKW9b4N+AEj+SVA+WhJzV7/zMhcSu78mLKWSk7cXMOSHsBKFWUs0fWwq8QyK3MgJBQRX6Gbi4kYbdvGkQ==",
      "dependencies": {
        "emoji-regex": "^10.3.0",
        "get-east-asian-width": "^1.0.0",
        "strip-ansi": "^7.1.0"
      },
      "engines": {
        "node": ">=18"
      },
      "funding": {
        "url": "https://github.com/sponsors/sindresorhus"
      }
    },
    "node_modules/strip-ansi": {
      "version": "7.1.2",
      "resolved": "https://repo.bit.admin.ch/repository/npm-group/strip-ansi/-/strip-ansi-7.1.2.tgz",
      "integrity": "sha512-gmBGslpoQJtgnMAvOVqGZpEz9dyoKTCzy2nfz/n8aIFhN/jCE/rCmcxabB6jOOHV+0WNnylOxaxBQPSvcWklhA==",
      "dependencies": {
        "ansi-regex": "^6.0.1"
      },
      "engines": {
        "node": ">=12"
      },
      "funding": {
        "url": "https://github.com/chalk/strip-ansi?sponsor=1"
      }
    },
    "node_modules/tslib": {
      "version": "2.8.1",
      "resolved": "https://repo.bit.admin.ch/repository/npm-group/tslib/-/tslib-2.8.1.tgz",
      "integrity": "sha512-oJFu94HQb+KVduSUQL7wnpmqnfmLsOA/nAh6b6EH0wCEoK0/mPeXU6c3wKDV83MkOuHPRHtSXKKU99IBazS/2w=="
    }
  }
}
